
Microsoft Visual Studio Solution File, Format Version 12.00
# Visual Studio Version 17
VisualStudioVersion = 17.9.34728.123
MinimumVisualStudioVersion = 10.0.40219.1
Project("{FAE04EC0-301F-11D3-BF4B-00C04F79EFBC}") = "Bar", "Bar\Bar.csproj", "{27393B7A-122D-45E5-9415-E49FBBD68351}"
EndProject
Global
	GlobalSection(SolutionConfigurationPlatforms) = preSolution
		Debug|Any CPU = Debug|Any CPU
		Release|Any CPU = Release|Any CPU
	EndGlobalSection
	GlobalSection(ProjectConfigurationPlatforms) = postSolution
		{27393B7A-122D-45E5-9415-E49FBBD68351}.Debug|Any CPU.ActiveCfg = Debug|Any CPU
		{27393B7A-122D-45E5-9415-E49FBBD68351}.Debug|Any CPU.Build.0 = Debug|Any CPU
		{27393B7A-122D-45E5-9415-E49FBBD68351}.Release|Any CPU.ActiveCfg = Release|Any CPU
		{27393B7A-122D-45E5-9415-E49FBBD68351}.Release|Any CPU.Build.0 = Release|Any CPU
	EndGlobalSection
	GlobalSection(SolutionProperties) = preSolution
		HideSolutionNode = FALSE
	EndGlobalSection
	GlobalSection(ExtensibilityGlobals) = postSolution
		SolutionGuid = {1FFF979A-CBE9-4647-A2C1-5E78E4D01EAE}
	EndGlobalSection
EndGlobal
